
Microsoft Visual Studio Solution File, Format Version 12.00
# Visual Studio Version 17
VisualStudioVersion = 17.5.33627.172
MinimumVisualStudioVersion = 10.0.40219.1
Project("{FAE04EC0-301F-11D3-BF4B-00C04F79EFBC}") = "LineComparisonProblemDay8", "LineComparisonProblemDay8\LineComparisonProblemDay8.csproj", "{4AF6BC04-94F0-44D9-8945-B5ACD0B1BCCC}"
EndProject
Global
	GlobalSection(SolutionConfigurationPlatforms) = preSolution
		Debug|Any CPU = Debug|Any CPU
		Release|Any CPU = Release|Any CPU
	EndGlobalSection
	GlobalSection(ProjectConfigurationPlatforms) = postSolution
		{4AF6BC04-94F0-44D9-8945-B5ACD0B1BCCC}.Debug|Any CPU.ActiveCfg = Debug|Any CPU
		{4AF6BC04-94F0-44D9-8945-B5ACD0B1BCCC}.Debug|Any CPU.Build.0 = Debug|Any CPU
		{4AF6BC04-94F0-44D9-8945-B5ACD0B1BCCC}.Release|Any CPU.ActiveCfg = Release|Any CPU
		{4AF6BC04-94F0-44D9-8945-B5ACD0B1BCCC}.Release|Any CPU.Build.0 = Release|Any CPU
	EndGlobalSection
	GlobalSection(SolutionProperties) = preSolution
		HideSolutionNode = FALSE
	EndGlobalSection
	GlobalSection(ExtensibilityGlobals) = postSolution
		SolutionGuid = {E6C801F3-8987-4A1C-89C0-7983584B588C}
	EndGlobalSection
EndGlobal
